
Microsoft Visual Studio Solution File, Format Version 12.00
# Visual Studio 2013
VisualStudioVersion = 12.0.30501.0
MinimumVisualStudioVersion = 10.0.40219.1
Project("{FAE04EC0-301F-11D3-BF4B-00C04F79EFBC}") = "AviNagpal_A3_Ex1", "AviNagpal_A3_Ex1\AviNagpal_A3_Ex1.csproj", "{0F2D4C29-EF97-4024-B1B0-BD7FCE525995}"
EndProject
Global
	GlobalSection(SolutionConfigurationPlatforms) = preSolution
		Debug|Any CPU = Debug|Any CPU
		Release|Any CPU = Release|Any CPU
	EndGlobalSection
	GlobalSection(ProjectConfigurationPlatforms) = postSolution
		{0F2D4C29-EF97-4024-B1B0-BD7FCE525995}.Debug|Any CPU.ActiveCfg = Debug|Any CPU
		{0F2D4C29-EF97-4024-B1B0-BD7FCE525995}.Debug|Any CPU.Build.0 = Debug|Any CPU
		{0F2D4C29-EF97-4024-B1B0-BD7FCE525995}.Release|Any CPU.ActiveCfg = Release|Any CPU
		{0F2D4C29-EF97-4024-B1B0-BD7FCE525995}.Release|Any CPU.Build.0 = Release|Any CPU
	EndGlobalSection
	GlobalSection(SolutionProperties) = preSolution
		HideSolutionNode = FALSE
	EndGlobalSection
EndGlobal
